
Microsoft Visual Studio Solution File, Format Version 12.00
# Visual Studio Version 16
VisualStudioVersion = 16.0.31019.35
MinimumVisualStudioVersion = 10.0.40219.1
Project("{FAE04EC0-301F-11D3-BF4B-00C04F79EFBC}") = "TRPO1", "TRPO1\TRPO1.csproj", "{FA5E812F-D944-4629-A975-8773340D8521}"
EndProject
Global
	GlobalSection(SolutionConfigurationPlatforms) = preSolution
		Debug|Any CPU = Debug|Any CPU
		Release|Any CPU = Release|Any CPU
	EndGlobalSection
	GlobalSection(ProjectConfigurationPlatforms) = postSolution
		{FA5E812F-D944-4629-A975-8773340D8521}.Debug|Any CPU.ActiveCfg = Debug|Any CPU
		{FA5E812F-D944-4629-A975-8773340D8521}.Debug|Any CPU.Build.0 = Debug|Any CPU
		{FA5E812F-D944-4629-A975-8773340D8521}.Release|Any CPU.ActiveCfg = Release|Any CPU
		{FA5E812F-D944-4629-A975-8773340D8521}.Release|Any CPU.Build.0 = Release|Any CPU
	EndGlobalSection
	GlobalSection(SolutionProperties) = preSolution
		HideSolutionNode = FALSE
	EndGlobalSection
	GlobalSection(ExtensibilityGlobals) = postSolution
		SolutionGuid = {A7082746-34D8-4585-9A42-C1EC1B5F5151}
	EndGlobalSection
EndGlobal
